
Microsoft Visual Studio Solution File, Format Version 12.00
# Visual Studio 2013
VisualStudioVersion = 12.0.40629.0
MinimumVisualStudioVersion = 10.0.40219.1
Project("{FAE04EC0-301F-11D3-BF4B-00C04F79EFBC}") = "Tamagotchi", "Tamagotchi\Tamagotchi.csproj", "{2991BC41-8867-42E2-9542-9EC240E6AAC3}"
EndProject
Project("{FAE04EC0-301F-11D3-BF4B-00C04F79EFBC}") = "Tamagotchi.Tests", "Tamagotchi.Tests\Tamagotchi.Tests.csproj", "{4D2FD0C0-02CE-4FA6-A99F-D99CBC6E66F4}"
EndProject
Global
	GlobalSection(SolutionConfigurationPlatforms) = preSolution
		Debug|Any CPU = Debug|Any CPU
		Release|Any CPU = Release|Any CPU
	EndGlobalSection
	GlobalSection(ProjectConfigurationPlatforms) = postSolution
		{2991BC41-8867-42E2-9542-9EC240E6AAC3}.Debug|Any CPU.ActiveCfg = Debug|Any CPU
		{2991BC41-8867-42E2-9542-9EC240E6AAC3}.Debug|Any CPU.Build.0 = Debug|Any CPU
		{2991BC41-8867-42E2-9542-9EC240E6AAC3}.Release|Any CPU.ActiveCfg = Release|Any CPU
		{2991BC41-8867-42E2-9542-9EC240E6AAC3}.Release|Any CPU.Build.0 = Release|Any CPU
		{4D2FD0C0-02CE-4FA6-A99F-D99CBC6E66F4}.Debug|Any CPU.ActiveCfg = Debug|Any CPU
		{4D2FD0C0-02CE-4FA6-A99F-D99CBC6E66F4}.Debug|Any CPU.Build.0 = Debug|Any CPU
		{4D2FD0C0-02CE-4FA6-A99F-D99CBC6E66F4}.Release|Any CPU.ActiveCfg = Release|Any CPU
		{4D2FD0C0-02CE-4FA6-A99F-D99CBC6E66F4}.Release|Any CPU.Build.0 = Release|Any CPU
	EndGlobalSection
	GlobalSection(SolutionProperties) = preSolution
		HideSolutionNode = FALSE
	EndGlobalSection
EndGlobal
